
Microsoft Visual Studio Solution File, Format Version 11.00
# Visual Studio 2010
Project("{FAE04EC0-301F-11D3-BF4B-00C04F79EFBC}") = "FFS.StaticEcs.Unity.Editor", "FFS.StaticEcs.Unity.Editor.csproj", "{c38b43e1-c89c-b373-f00d-5e39aad520df}"
EndProject
Project("{FAE04EC0-301F-11D3-BF4B-00C04F79EFBC}") = "com.Tivadar.Best.HTTP", "com.Tivadar.Best.HTTP.csproj", "{c0d40541-fc33-acc8-8fa4-fa641ff3a48e}"
EndProject
Project("{FAE04EC0-301F-11D3-BF4B-00C04F79EFBC}") = "DamageNumbersPro", "DamageNumbersPro.csproj", "{4e1a3623-7a6e-1ed0-fdb1-81bdd9671e56}"
EndProject
Project("{FAE04EC0-301F-11D3-BF4B-00C04F79EFBC}") = "Assembly-CSharp", "Assembly-CSharp.csproj", "{ae90b971-84f2-7558-2fdd-0c0a71f3f5d3}"
EndProject
Project("{FAE04EC0-301F-11D3-BF4B-00C04F79EFBC}") = "Sirenix.OdinInspector.Modules.UnityLocalization.Editor", "Sirenix.OdinInspector.Modules.UnityLocalization.Editor.csproj", "{3113bf85-9eec-4297-3f55-b9a53bb00538}"
EndProject
Project("{FAE04EC0-301F-11D3-BF4B-00C04F79EFBC}") = "Assembly-CSharp-firstpass", "Assembly-CSharp-firstpass.csproj", "{9b6ac2d1-ce26-bbde-a94e-4efc0edbbcfb}"
EndProject
Project("{FAE04EC0-301F-11D3-BF4B-00C04F79EFBC}") = "FFS.StaticEcs.Unity", "FFS.StaticEcs.Unity.csproj", "{fd2ad6c6-c6c6-ba40-3525-53833a0c38fa}"
EndProject
Project("{FAE04EC0-301F-11D3-BF4B-00C04F79EFBC}") = "AllIn1SpriteShaderAssembly", "AllIn1SpriteShaderAssembly.csproj", "{af303080-60e3-e65a-f400-ec5f71959ca5}"
EndProject
Project("{FAE04EC0-301F-11D3-BF4B-00C04F79EFBC}") = "DOTween.Modules", "DOTween.Modules.csproj", "{257d30cd-d0a6-f436-b3c3-83d05451e6be}"
EndProject
Project("{FAE04EC0-301F-11D3-BF4B-00C04F79EFBC}") = "Sirenix.OdinInspector.Modules.Unity.Addressables", "Sirenix.OdinInspector.Modules.Unity.Addressables.csproj", "{01d6aa46-00ef-36f6-b1a8-cf8eff7928c5}"
EndProject
Project("{FAE04EC0-301F-11D3-BF4B-00C04F79EFBC}") = "DOTweenPro.EditorScripts", "DOTweenPro.EditorScripts.csproj", "{8e1cf9e0-8afd-ad5e-e1af-97ff6bb9d283}"
EndProject
Project("{FAE04EC0-301F-11D3-BF4B-00C04F79EFBC}") = "DOTweenPro.Scripts", "DOTweenPro.Scripts.csproj", "{02d8bcf8-3d32-d9c8-89d4-e0aaa34c97e4}"
EndProject
Project("{FAE04EC0-301F-11D3-BF4B-00C04F79EFBC}") = "Assembly-CSharp-Editor", "Assembly-CSharp-Editor.csproj", "{6e05efec-b58a-1b8c-5584-ce2ee2c90a9a}"
EndProject
Project("{FAE04EC0-301F-11D3-BF4B-00C04F79EFBC}") = "com.Tivadar.Best.HTTP.Profiler.Editor", "com.Tivadar.Best.HTTP.Profiler.Editor.csproj", "{586bb896-7ccc-fb2f-5ee6-8c888a95d941}"
EndProject
Project("{FAE04EC0-301F-11D3-BF4B-00C04F79EFBC}") = "Sirenix.OdinInspector.Modules.UnityMathematics", "Sirenix.OdinInspector.Modules.UnityMathematics.csproj", "{81f1231e-8754-7c89-3f18-55c7dd616768}"
EndProject
Project("{FAE04EC0-301F-11D3-BF4B-00C04F79EFBC}") = "sc.utilities.selectionhistory.editor", "sc.utilities.selectionhistory.editor.csproj", "{9f983926-90b3-8948-0f44-56fd695fd8fd}"
EndProject
Project("{FAE04EC0-301F-11D3-BF4B-00C04F79EFBC}") = "Assembly-CSharp-Editor-firstpass", "Assembly-CSharp-Editor-firstpass.csproj", "{7d37bbf6-78d8-d32f-0e48-a7932c3177e3}"
EndProject
Project("{FAE04EC0-301F-11D3-BF4B-00C04F79EFBC}") = "Sirenix.OdinInspector.Modules.UnityLocalization", "Sirenix.OdinInspector.Modules.UnityLocalization.csproj", "{56ba31c5-28d5-62d1-fdd7-cd9d2fd011d5}"
EndProject
Global
	GlobalSection(SolutionConfigurationPlatforms) = preSolution
		Debug|Any CPU = Debug|Any CPU
	EndGlobalSection
	GlobalSection(ProjectConfigurationPlatforms) = postSolution
		{c38b43e1-c89c-b373-f00d-5e39aad520df}.Debug|Any CPU.ActiveCfg = Debug|Any CPU
		{c38b43e1-c89c-b373-f00d-5e39aad520df}.Debug|Any CPU.Build.0 = Debug|Any CPU
		{c0d40541-fc33-acc8-8fa4-fa641ff3a48e}.Debug|Any CPU.ActiveCfg = Debug|Any CPU
		{c0d40541-fc33-acc8-8fa4-fa641ff3a48e}.Debug|Any CPU.Build.0 = Debug|Any CPU
		{4e1a3623-7a6e-1ed0-fdb1-81bdd9671e56}.Debug|Any CPU.ActiveCfg = Debug|Any CPU
		{4e1a3623-7a6e-1ed0-fdb1-81bdd9671e56}.Debug|Any CPU.Build.0 = Debug|Any CPU
		{ae90b971-84f2-7558-2fdd-0c0a71f3f5d3}.Debug|Any CPU.ActiveCfg = Debug|Any CPU
		{ae90b971-84f2-7558-2fdd-0c0a71f3f5d3}.Debug|Any CPU.Build.0 = Debug|Any CPU
		{3113bf85-9eec-4297-3f55-b9a53bb00538}.Debug|Any CPU.ActiveCfg = Debug|Any CPU
		{3113bf85-9eec-4297-3f55-b9a53bb00538}.Debug|Any CPU.Build.0 = Debug|Any CPU
		{9b6ac2d1-ce26-bbde-a94e-4efc0edbbcfb}.Debug|Any CPU.ActiveCfg = Debug|Any CPU
		{9b6ac2d1-ce26-bbde-a94e-4efc0edbbcfb}.Debug|Any CPU.Build.0 = Debug|Any CPU
		{fd2ad6c6-c6c6-ba40-3525-53833a0c38fa}.Debug|Any CPU.ActiveCfg = Debug|Any CPU
		{fd2ad6c6-c6c6-ba40-3525-53833a0c38fa}.Debug|Any CPU.Build.0 = Debug|Any CPU
		{af303080-60e3-e65a-f400-ec5f71959ca5}.Debug|Any CPU.ActiveCfg = Debug|Any CPU
		{af303080-60e3-e65a-f400-ec5f71959ca5}.Debug|Any CPU.Build.0 = Debug|Any CPU
		{257d30cd-d0a6-f436-b3c3-83d05451e6be}.Debug|Any CPU.ActiveCfg = Debug|Any CPU
		{257d30cd-d0a6-f436-b3c3-83d05451e6be}.Debug|Any CPU.Build.0 = Debug|Any CPU
		{01d6aa46-00ef-36f6-b1a8-cf8eff7928c5}.Debug|Any CPU.ActiveCfg = Debug|Any CPU
		{01d6aa46-00ef-36f6-b1a8-cf8eff7928c5}.Debug|Any CPU.Build.0 = Debug|Any CPU
		{8e1cf9e0-8afd-ad5e-e1af-97ff6bb9d283}.Debug|Any CPU.ActiveCfg = Debug|Any CPU
		{8e1cf9e0-8afd-ad5e-e1af-97ff6bb9d283}.Debug|Any CPU.Build.0 = Debug|Any CPU
		{02d8bcf8-3d32-d9c8-89d4-e0aaa34c97e4}.Debug|Any CPU.ActiveCfg = Debug|Any CPU
		{02d8bcf8-3d32-d9c8-89d4-e0aaa34c97e4}.Debug|Any CPU.Build.0 = Debug|Any CPU
		{6e05efec-b58a-1b8c-5584-ce2ee2c90a9a}.Debug|Any CPU.ActiveCfg = Debug|Any CPU
		{6e05efec-b58a-1b8c-5584-ce2ee2c90a9a}.Debug|Any CPU.Build.0 = Debug|Any CPU
		{586bb896-7ccc-fb2f-5ee6-8c888a95d941}.Debug|Any CPU.ActiveCfg = Debug|Any CPU
		{586bb896-7ccc-fb2f-5ee6-8c888a95d941}.Debug|Any CPU.Build.0 = Debug|Any CPU
		{81f1231e-8754-7c89-3f18-55c7dd616768}.Debug|Any CPU.ActiveCfg = Debug|Any CPU
		{81f1231e-8754-7c89-3f18-55c7dd616768}.Debug|Any CPU.Build.0 = Debug|Any CPU
		{9f983926-90b3-8948-0f44-56fd695fd8fd}.Debug|Any CPU.ActiveCfg = Debug|Any CPU
		{9f983926-90b3-8948-0f44-56fd695fd8fd}.Debug|Any CPU.Build.0 = Debug|Any CPU
		{7d37bbf6-78d8-d32f-0e48-a7932c3177e3}.Debug|Any CPU.ActiveCfg = Debug|Any CPU
		{7d37bbf6-78d8-d32f-0e48-a7932c3177e3}.Debug|Any CPU.Build.0 = Debug|Any CPU
		{56ba31c5-28d5-62d1-fdd7-cd9d2fd011d5}.Debug|Any CPU.ActiveCfg = Debug|Any CPU
		{56ba31c5-28d5-62d1-fdd7-cd9d2fd011d5}.Debug|Any CPU.Build.0 = Debug|Any CPU
	EndGlobalSection
	GlobalSection(SolutionProperties) = preSolution
		HideSolutionNode = FALSE
	EndGlobalSection
EndGlobal
